
Microsoft Visual Studio Solution File, Format Version 12.00
# Visual Studio Version 17
VisualStudioVersion = 17.13.35806.99 d17.13
MinimumVisualStudioVersion = 10.0.40219.1
Project("{FAE04EC0-301F-11D3-BF4B-00C04F79EFBC}") = "ScholarsNest", "ScholarsNest.csproj", "{F91E16A4-7F83-48E2-8E57-40ED4C5B82BC}"
EndProject
Global
	GlobalSection(SolutionConfigurationPlatforms) = preSolution
		Debug|Any CPU = Debug|Any CPU
		Release|Any CPU = Release|Any CPU
	EndGlobalSection
	GlobalSection(ProjectConfigurationPlatforms) = postSolution
		{F91E16A4-7F83-48E2-8E57-40ED4C5B82BC}.Debug|Any CPU.ActiveCfg = Debug|Any CPU
		{F91E16A4-7F83-48E2-8E57-40ED4C5B82BC}.Debug|Any CPU.Build.0 = Debug|Any CPU
		{F91E16A4-7F83-48E2-8E57-40ED4C5B82BC}.Release|Any CPU.ActiveCfg = Release|Any CPU
		{F91E16A4-7F83-48E2-8E57-40ED4C5B82BC}.Release|Any CPU.Build.0 = Release|Any CPU
	EndGlobalSection
	GlobalSection(SolutionProperties) = preSolution
		HideSolutionNode = FALSE
	EndGlobalSection
	GlobalSection(ExtensibilityGlobals) = postSolution
		SolutionGuid = {6A50EA4C-900D-4014-97BF-C4F4A02E7398}
	EndGlobalSection
EndGlobal
